
Microsoft Visual Studio Solution File, Format Version 10.00
# Visual Studio 2008
Project("{54435603-DBB4-11D2-8724-00A0C9A8B90C}") = "Setup1", "Setup1\Setup1.vdproj", "{03D6B12C-B94F-478F-ACBE-13038A3AF7FA}"
EndProject
Global
	GlobalSection(SolutionConfigurationPlatforms) = preSolution
		Debug|Default = Debug|Default
		Release|Default = Release|Default
	EndGlobalSection
	GlobalSection(ProjectConfigurationPlatforms) = postSolution
		{03D6B12C-B94F-478F-ACBE-13038A3AF7FA}.Debug|Default.ActiveCfg = Debug
		{03D6B12C-B94F-478F-ACBE-13038A3AF7FA}.Debug|Default.Build.0 = Debug
		{03D6B12C-B94F-478F-ACBE-13038A3AF7FA}.Release|Default.ActiveCfg = Release
		{03D6B12C-B94F-478F-ACBE-13038A3AF7FA}.Release|Default.Build.0 = Release
	EndGlobalSection
	GlobalSection(SolutionProperties) = preSolution
		HideSolutionNode = FALSE
	EndGlobalSection
EndGlobal
